{
  "version": 4,
  "terraform_version": "1.13.0",
  "serial": 3,
  "lineage": "40adde3f-9e57-4dd2-4fef-cdc341d70309",
  "outputs": {
    "bucket_arn": {
      "value": "arn:aws:s3:::hack-fiap233-tfstate",
      "type": "string"
    },
    "bucket_name": {
      "value": "hack-fiap233-tfstate",
      "type": "string"
    }
  },
  "resources": [
    {
      "mode": "managed",
      "type": "aws_s3_bucket",
      "name": "tfstate",
      "provider": "provider[\"registry.terraform.io/hashicorp/aws\"]",
      "instances": [
        {
          "schema_version": 0,
          "attributes": {
            "acceleration_status": "",
            "acl": null,
            "arn": "arn:aws:s3:::hack-fiap233-tfstate",
            "bucket": "hack-fiap233-tfstate",
            "bucket_domain_name": "hack-fiap233-tfstate.s3.amazonaws.com",
            "bucket_prefix": "",
            "bucket_regional_domain_name": "hack-fiap233-tfstate.s3.us-east-1.amazonaws.com",
            "cors_rule": [],
            "force_destroy": true,
            "grant": [
              {
                "id": "85cc7890bb1f1df25790f1e448419bd2bdacf4f905cdc94ca186fc3c1c9c4807",
                "permissions": [
                  "FULL_CONTROL"
                ],
                "type": "CanonicalUser",
                "uri": ""
              }
            ],
            "hosted_zone_id": "Z3AQBSTGFYJSTF",
            "id": "hack-fiap233-tfstate",
            "lifecycle_rule": [],
            "logging": [],
            "object_lock_configuration": [],
            "object_lock_enabled": false,
            "policy": "",
            "region": "us-east-1",
            "replication_configuration": [],
            "request_payer": "BucketOwner",
            "server_side_encryption_configuration": [
              {
                "rule": [
                  {
                    "apply_server_side_encryption_by_default": [
                      {
                        "kms_master_key_id": "",
                        "sse_algorithm": "AES256"
                      }
                    ],
                    "bucket_key_enabled": false
                  }
                ]
              }
            ],
            "tags": {
              "Name": "hack-fiap233-tfstate",
              "Project": "hack-fiap233"
            },
            "tags_all": {
              "Name": "hack-fiap233-tfstate",
              "Project": "hack-fiap233"
            },
            "timeouts": null,
            "versioning": [
              {
                "enabled": false,
                "mfa_delete": false
              }
            ],
            "website": [],
            "website_domain": null,
            "website_endpoint": null
          },
          "sensitive_attributes": [],
          "identity_schema_version": 0,
          "private": "eyJlMmJmYjczMC1lY2FhLTExZTYtOGY4OC0zNDM2M2JjN2M0YzAiOnsiY3JlYXRlIjoxMjAwMDAwMDAwMDAwLCJkZWxldGUiOjM2MDAwMDAwMDAwMDAsInJlYWQiOjEyMDAwMDAwMDAwMDAsInVwZGF0ZSI6MTIwMDAwMDAwMDAwMH19"
        }
      ]
    },
    {
      "mode": "managed",
      "type": "aws_s3_bucket_versioning",
      "name": "tfstate",
      "provider": "provider[\"registry.terraform.io/hashicorp/aws\"]",
      "instances": [
        {
          "schema_version": 0,
          "attributes": {
            "bucket": "hack-fiap233-tfstate",
            "expected_bucket_owner": "",
            "id": "hack-fiap233-tfstate",
            "mfa": null,
            "versioning_configuration": [
              {
                "mfa_delete": "",
                "status": "Enabled"
              }
            ]
          },
          "sensitive_attributes": [],
          "identity_schema_version": 0,
          "private": "bnVsbA==",
          "dependencies": [
            "aws_s3_bucket.tfstate"
          ]
        }
      ]
    }
  ],
  "check_results": null
}
